
Microsoft Visual Studio Solution File, Format Version 12.00
# Visual Studio Version 17
VisualStudioVersion = 17.7.34202.233
MinimumVisualStudioVersion = 10.0.40219.1
Project("{FAE04EC0-301F-11D3-BF4B-00C04F79EFBC}") = "BulkyBookWeb", "BulkyBookWeb\BulkyBookWeb.csproj", "{83B3E947-E5BF-44D3-B322-FC0738D0E8DF}"
EndProject
Global
	GlobalSection(SolutionConfigurationPlatforms) = preSolution
		Debug|Any CPU = Debug|Any CPU
		Release|Any CPU = Release|Any CPU
	EndGlobalSection
	GlobalSection(ProjectConfigurationPlatforms) = postSolution
		{83B3E947-E5BF-44D3-B322-FC0738D0E8DF}.Debug|Any CPU.ActiveCfg = Debug|Any CPU
		{83B3E947-E5BF-44D3-B322-FC0738D0E8DF}.Debug|Any CPU.Build.0 = Debug|Any CPU
		{83B3E947-E5BF-44D3-B322-FC0738D0E8DF}.Release|Any CPU.ActiveCfg = Release|Any CPU
		{83B3E947-E5BF-44D3-B322-FC0738D0E8DF}.Release|Any CPU.Build.0 = Release|Any CPU
	EndGlobalSection
	GlobalSection(SolutionProperties) = preSolution
		HideSolutionNode = FALSE
	EndGlobalSection
	GlobalSection(ExtensibilityGlobals) = postSolution
		SolutionGuid = {A14B2E12-C5C6-4C17-9DAE-B4AE77FE1149}
	EndGlobalSection
EndGlobal
